
Microsoft Visual Studio Solution File, Format Version 12.00
# Visual Studio 15
VisualStudioVersion = 15.0.27130.2036
MinimumVisualStudioVersion = 10.0.40219.1
Project("{8BC9CEB8-8B4A-11D0-8D11-00A0C91BC942}") = "001-creating-opengl4-window", "001-creating-opengl4-window\001-creating-opengl4-window.vcxproj", "{6202ED4E-AB30-4B4C-945C-D7CE975EA3D6}"
EndProject
Project("{8BC9CEB8-8B4A-11D0-8D11-00A0C91BC942}") = "002-first-shader", "002-first-shader\002-first-shader.vcxproj", "{5442FAE2-D913-4296-B14B-D156BC1A6C83}"
EndProject
Project("{8BC9CEB8-8B4A-11D0-8D11-00A0C91BC942}") = "003-adding-colors", "003-adding-colors\003-adding-colors.vcxproj", "{08BF4ECF-B475-4F27-819D-04561FC66733}"
EndProject
Project("{8BC9CEB8-8B4A-11D0-8D11-00A0C91BC942}") = "004-entering-third-dimension", "004-entering-third-dimension\004-entering-third-dimension.vcxproj", "{F764062C-149C-4BE1-8BA1-797DE0E26A41}"
EndProject
Project("{8BC9CEB8-8B4A-11D0-8D11-00A0C91BC942}") = "005-camera-pt1-simple-walking-camera", "005-camera-pt1-simple-walking-camera\005-camera-pt1-simple-walking-camera.vcxproj", "{78655517-AE6F-455F-9C3C-9DA141131058}"
EndProject
Project("{8BC9CEB8-8B4A-11D0-8D11-00A0C91BC942}") = "006-camera-pt2-flying-camera", "006-camera-pt2-flying-camera\006-camera-pt2-flying-camera.vcxproj", "{017B2C49-CC4B-4218-811E-F9D49E2D91FE}"
EndProject
Project("{8BC9CEB8-8B4A-11D0-8D11-00A0C91BC942}") = "007-textures-pt1-single-texture", "007-textures-pt1-single-texture\007-textures-pt1-single-texture.vcxproj", "{3EC3F458-AAF1-4A5C-9615-45E9FEE5EF01}"
EndProject
Project("{8BC9CEB8-8B4A-11D0-8D11-00A0C91BC942}") = "008-textures-pt2-multitexturing", "008-textures-pt2-multitexturing\008-textures-pt2-multitexturing.vcxproj", "{C79A3CE2-1D87-45B9-9D82-14FE155B4F3F}"
EndProject
Project("{8BC9CEB8-8B4A-11D0-8D11-00A0C91BC942}") = "009-orthographic-2D-projection", "009-orthographic-2D-projection\009-orthographic-2D-projection.vcxproj", "{5F7EC88C-D547-484E-95B7-9DED06AC2ED7}"
EndProject
Project("{8BC9CEB8-8B4A-11D0-8D11-00A0C91BC942}") = "010-first-great-refactoring", "010-first-great-refactoring\010-first-great-refactoring.vcxproj", "{01A6EF55-D3CD-45DC-BC69-2191F438E5EA}"
EndProject
Project("{8BC9CEB8-8B4A-11D0-8D11-00A0C91BC942}") = "011-indexed-rendering-torus", "011-indexed-rendering-torus\011-indexed-rendering-torus.vcxproj", "{66A370BE-96E1-4B59-AFEC-BB95EBF989BB}"
EndProject
Project("{8BC9CEB8-8B4A-11D0-8D11-00A0C91BC942}") = "012-freetype-fonts-pt1", "012-freetype-fonts-pt1\012-freetype-fonts-pt1.vcxproj", "{260EE0B2-F704-4F5D-AC37-124E7EB770EA}"
	ProjectSection(ProjectDependencies) = postProject
		{EF78FA6C-1F0E-46D6-8B12-29223591BBF3} = {EF78FA6C-1F0E-46D6-8B12-29223591BBF3}
	EndProjectSection
EndProject
Project("{8BC9CEB8-8B4A-11D0-8D11-00A0C91BC942}") = "build-freetype2-vs2017", "dependencies\build-freetype2-vs2017\build-freetype2-vs2017.vcxproj", "{EF78FA6C-1F0E-46D6-8B12-29223591BBF3}"
EndProject
Project("{8BC9CEB8-8B4A-11D0-8D11-00A0C91BC942}") = "013-blending-pt1", "013-blending-pt1\013-blending-pt1.vcxproj", "{E306D078-0361-4983-9DC4-6E6330C7DFC2}"
EndProject
Project("{8BC9CEB8-8B4A-11D0-8D11-00A0C91BC942}") = "014-normals-diffuse-lighting", "014-normals-diffuse-lighting\014-normals-diffuse-lighting.vcxproj", "{7CA4F9FD-5AD0-4B7E-9631-0313AA3E3E9F}"
EndProject
Project("{8BC9CEB8-8B4A-11D0-8D11-00A0C91BC942}") = "015-geometry-shaders", "015-geometry-shaders\015-geometry-shaders.vcxproj", "{033617EB-DC3F-4CF7-8590-439AB809C15C}"
EndProject
Project("{8BC9CEB8-8B4A-11D0-8D11-00A0C91BC942}") = "016-heightmap-pt1-random-terrain", "016-heightmap-pt1-random-terrain\016-heightmap-pt1-random-terrain.vcxproj", "{11596738-B7D0-4B9B-A6FF-01DBB82F1A71}"
EndProject
Project("{8BC9CEB8-8B4A-11D0-8D11-00A0C91BC942}") = "017-heightmap-pt2-from-image-and-skybox", "017-heightmap-pt2-from-image-and-skybox\017-heightmap-pt2-from-image-and-skybox.vcxproj", "{1FB8C09F-DC28-4EA3-8105-85A0EE847991}"
EndProject
Project("{8BC9CEB8-8B4A-11D0-8D11-00A0C91BC942}") = "018-heightmap-pt3-multiple-layers", "018-heightmap-pt3-multiple-layers\018-heightmap-pt3-multiple-layers.vcxproj", "{50357D22-C7E7-4EE8-80A5-EF455B5AC11A}"
EndProject
Project("{8BC9CEB8-8B4A-11D0-8D11-00A0C91BC942}") = "019-assimp-model-loading", "019-assimp-model-loading\019-assimp-model-loading.vcxproj", "{56E189B6-49C9-415D-BD55-0AAC02AA8153}"
EndProject
Project("{8BC9CEB8-8B4A-11D0-8D11-00A0C91BC942}") = "020-fog", "020-fog\020-fog.vcxproj", "{2452B0F6-A3B4-4CAC-ACE4-6709973C2F9F}"
EndProject
Global
	GlobalSection(SolutionConfigurationPlatforms) = preSolution
		Debug|x64 = Debug|x64
		Debug|x86 = Debug|x86
		Release|x64 = Release|x64
		Release|x86 = Release|x86
	EndGlobalSection
	GlobalSection(ProjectConfigurationPlatforms) = postSolution
		{6202ED4E-AB30-4B4C-945C-D7CE975EA3D6}.Debug|x64.ActiveCfg = Debug|x64
		{6202ED4E-AB30-4B4C-945C-D7CE975EA3D6}.Debug|x64.Build.0 = Debug|x64
		{6202ED4E-AB30-4B4C-945C-D7CE975EA3D6}.Debug|x86.ActiveCfg = Debug|Win32
		{6202ED4E-AB30-4B4C-945C-D7CE975EA3D6}.Debug|x86.Build.0 = Debug|Win32
		{6202ED4E-AB30-4B4C-945C-D7CE975EA3D6}.Release|x64.ActiveCfg = Release|x64
		{6202ED4E-AB30-4B4C-945C-D7CE975EA3D6}.Release|x64.Build.0 = Release|x64
		{6202ED4E-AB30-4B4C-945C-D7CE975EA3D6}.Release|x86.ActiveCfg = Release|Win32
		{6202ED4E-AB30-4B4C-945C-D7CE975EA3D6}.Release|x86.Build.0 = Release|Win32
		{5442FAE2-D913-4296-B14B-D156BC1A6C83}.Debug|x64.ActiveCfg = Debug|x64
		{5442FAE2-D913-4296-B14B-D156BC1A6C83}.Debug|x64.Build.0 = Debug|x64
		{5442FAE2-D913-4296-B14B-D156BC1A6C83}.Debug|x86.ActiveCfg = Debug|Win32
		{5442FAE2-D913-4296-B14B-D156BC1A6C83}.Debug|x86.Build.0 = Debug|Win32
		{5442FAE2-D913-4296-B14B-D156BC1A6C83}.Release|x64.ActiveCfg = Release|x64
		{5442FAE2-D913-4296-B14B-D156BC1A6C83}.Release|x64.Build.0 = Release|x64
		{5442FAE2-D913-4296-B14B-D156BC1A6C83}.Release|x86.ActiveCfg = Release|Win32
		{5442FAE2-D913-4296-B14B-D156BC1A6C83}.Release|x86.Build.0 = Release|Win32
		{08BF4ECF-B475-4F27-819D-04561FC66733}.Debug|x64.ActiveCfg = Debug|x64
		{08BF4ECF-B475-4F27-819D-04561FC66733}.Debug|x64.Build.0 = Debug|x64
		{08BF4ECF-B475-4F27-819D-04561FC66733}.Debug|x86.ActiveCfg = Debug|Win32
		{08BF4ECF-B475-4F27-819D-04561FC66733}.Debug|x86.Build.0 = Debug|Win32
		{08BF4ECF-B475-4F27-819D-04561FC66733}.Release|x64.ActiveCfg = Release|x64
		{08BF4ECF-B475-4F27-819D-04561FC66733}.Release|x64.Build.0 = Release|x64
		{08BF4ECF-B475-4F27-819D-04561FC66733}.Release|x86.ActiveCfg = Release|Win32
		{08BF4ECF-B475-4F27-819D-04561FC66733}.Release|x86.Build.0 = Release|Win32
		{F764062C-149C-4BE1-8BA1-797DE0E26A41}.Debug|x64.ActiveCfg = Debug|x64
		{F764062C-149C-4BE1-8BA1-797DE0E26A41}.Debug|x64.Build.0 = Debug|x64
		{F764062C-149C-4BE1-8BA1-797DE0E26A41}.Debug|x86.ActiveCfg = Debug|Win32
		{F764062C-149C-4BE1-8BA1-797DE0E26A41}.Debug|x86.Build.0 = Debug|Win32
		{F764062C-149C-4BE1-8BA1-797DE0E26A41}.Release|x64.ActiveCfg = Release|x64
		{F764062C-149C-4BE1-8BA1-797DE0E26A41}.Release|x64.Build.0 = Release|x64
		{F764062C-149C-4BE1-8BA1-797DE0E26A41}.Release|x86.ActiveCfg = Release|Win32
		{F764062C-149C-4BE1-8BA1-797DE0E26A41}.Release|x86.Build.0 = Release|Win32
		{78655517-AE6F-455F-9C3C-9DA141131058}.Debug|x64.ActiveCfg = Debug|x64
		{78655517-AE6F-455F-9C3C-9DA141131058}.Debug|x64.Build.0 = Debug|x64
		{78655517-AE6F-455F-9C3C-9DA141131058}.Debug|x86.ActiveCfg = Debug|Win32
		{78655517-AE6F-455F-9C3C-9DA141131058}.Debug|x86.Build.0 = Debug|Win32
		{78655517-AE6F-455F-9C3C-9DA141131058}.Release|x64.ActiveCfg = Release|x64
		{78655517-AE6F-455F-9C3C-9DA141131058}.Release|x64.Build.0 = Release|x64
		{78655517-AE6F-455F-9C3C-9DA141131058}.Release|x86.ActiveCfg = Release|Win32
		{78655517-AE6F-455F-9C3C-9DA141131058}.Release|x86.Build.0 = Release|Win32
		{017B2C49-CC4B-4218-811E-F9D49E2D91FE}.Debug|x64.ActiveCfg = Debug|x64
		{017B2C49-CC4B-4218-811E-F9D49E2D91FE}.Debug|x64.Build.0 = Debug|x64
		{017B2C49-CC4B-4218-811E-F9D49E2D91FE}.Debug|x86.ActiveCfg = Debug|Win32
		{017B2C49-CC4B-4218-811E-F9D49E2D91FE}.Debug|x86.Build.0 = Debug|Win32
		{017B2C49-CC4B-4218-811E-F9D49E2D91FE}.Release|x64.ActiveCfg = Release|x64
		{017B2C49-CC4B-4218-811E-F9D49E2D91FE}.Release|x64.Build.0 = Release|x64
		{017B2C49-CC4B-4218-811E-F9D49E2D91FE}.Release|x86.ActiveCfg = Release|Win32
		{017B2C49-CC4B-4218-811E-F9D49E2D91FE}.Release|x86.Build.0 = Release|Win32
		{3EC3F458-AAF1-4A5C-9615-45E9FEE5EF01}.Debug|x64.ActiveCfg = Debug|x64
		{3EC3F458-AAF1-4A5C-9615-45E9FEE5EF01}.Debug|x64.Build.0 = Debug|x64
		{3EC3F458-AAF1-4A5C-9615-45E9FEE5EF01}.Debug|x86.ActiveCfg = Debug|Win32
		{3EC3F458-AAF1-4A5C-9615-45E9FEE5EF01}.Debug|x86.Build.0 = Debug|Win32
		{3EC3F458-AAF1-4A5C-9615-45E9FEE5EF01}.Release|x64.ActiveCfg = Release|x64
		{3EC3F458-AAF1-4A5C-9615-45E9FEE5EF01}.Release|x64.Build.0 = Release|x64
		{3EC3F458-AAF1-4A5C-9615-45E9FEE5EF01}.Release|x86.ActiveCfg = Release|Win32
		{3EC3F458-AAF1-4A5C-9615-45E9FEE5EF01}.Release|x86.Build.0 = Release|Win32
		{C79A3CE2-1D87-45B9-9D82-14FE155B4F3F}.Debug|x64.ActiveCfg = Debug|x64
		{C79A3CE2-1D87-45B9-9D82-14FE155B4F3F}.Debug|x64.Build.0 = Debug|x64
		{C79A3CE2-1D87-45B9-9D82-14FE155B4F3F}.Debug|x86.ActiveCfg = Debug|Win32
		{C79A3CE2-1D87-45B9-9D82-14FE155B4F3F}.Debug|x86.Build.0 = Debug|Win32
		{C79A3CE2-1D87-45B9-9D82-14FE155B4F3F}.Release|x64.ActiveCfg = Release|x64
		{C79A3CE2-1D87-45B9-9D82-14FE155B4F3F}.Release|x64.Build.0 = Release|x64
		{C79A3CE2-1D87-45B9-9D82-14FE155B4F3F}.Release|x86.ActiveCfg = Release|Win32
		{C79A3CE2-1D87-45B9-9D82-14FE155B4F3F}.Release|x86.Build.0 = Release|Win32
		{5F7EC88C-D547-484E-95B7-9DED06AC2ED7}.Debug|x64.ActiveCfg = Debug|x64
		{5F7EC88C-D547-484E-95B7-9DED06AC2ED7}.Debug|x64.Build.0 = Debug|x64
		{5F7EC88C-D547-484E-95B7-9DED06AC2ED7}.Debug|x86.ActiveCfg = Debug|Win32
		{5F7EC88C-D547-484E-95B7-9DED06AC2ED7}.Debug|x86.Build.0 = Debug|Win32
		{5F7EC88C-D547-484E-95B7-9DED06AC2ED7}.Release|x64.ActiveCfg = Release|x64
		{5F7EC88C-D547-484E-95B7-9DED06AC2ED7}.Release|x64.Build.0 = Release|x64
		{5F7EC88C-D547-484E-95B7-9DED06AC2ED7}.Release|x86.ActiveCfg = Release|Win32
		{5F7EC88C-D547-484E-95B7-9DED06AC2ED7}.Release|x86.Build.0 = Release|Win32
		{01A6EF55-D3CD-45DC-BC69-2191F438E5EA}.Debug|x64.ActiveCfg = Debug|x64
		{01A6EF55-D3CD-45DC-BC69-2191F438E5EA}.Debug|x64.Build.0 = Debug|x64
		{01A6EF55-D3CD-45DC-BC69-2191F438E5EA}.Debug|x86.ActiveCfg = Debug|Win32
		{01A6EF55-D3CD-45DC-BC69-2191F438E5EA}.Debug|x86.Build.0 = Debug|Win32
		{01A6EF55-D3CD-45DC-BC69-2191F438E5EA}.Release|x64.ActiveCfg = Release|x64
		{01A6EF55-D3CD-45DC-BC69-2191F438E5EA}.Release|x64.Build.0 = Release|x64
		{01A6EF55-D3CD-45DC-BC69-2191F438E5EA}.Release|x86.ActiveCfg = Release|Win32
		{01A6EF55-D3CD-45DC-BC69-2191F438E5EA}.Release|x86.Build.0 = Release|Win32
		{66A370BE-96E1-4B59-AFEC-BB95EBF989BB}.Debug|x64.ActiveCfg = Debug|x64
		{66A370BE-96E1-4B59-AFEC-BB95EBF989BB}.Debug|x64.Build.0 = Debug|x64
		{66A370BE-96E1-4B59-AFEC-BB95EBF989BB}.Debug|x86.ActiveCfg = Debug|Win32
		{66A370BE-96E1-4B59-AFEC-BB95EBF989BB}.Debug|x86.Build.0 = Debug|Win32
		{66A370BE-96E1-4B59-AFEC-BB95EBF989BB}.Release|x64.ActiveCfg = Release|x64
		{66A370BE-96E1-4B59-AFEC-BB95EBF989BB}.Release|x64.Build.0 = Release|x64
		{66A370BE-96E1-4B59-AFEC-BB95EBF989BB}.Release|x86.ActiveCfg = Release|Win32
		{66A370BE-96E1-4B59-AFEC-BB95EBF989BB}.Release|x86.Build.0 = Release|Win32
		{260EE0B2-F704-4F5D-AC37-124E7EB770EA}.Debug|x64.ActiveCfg = Debug|x64
		{260EE0B2-F704-4F5D-AC37-124E7EB770EA}.Debug|x64.Build.0 = Debug|x64
		{260EE0B2-F704-4F5D-AC37-124E7EB770EA}.Debug|x86.ActiveCfg = Debug|Win32
		{260EE0B2-F704-4F5D-AC37-124E7EB770EA}.Debug|x86.Build.0 = Debug|Win32
		{260EE0B2-F704-4F5D-AC37-124E7EB770EA}.Release|x64.ActiveCfg = Release|x64
		{260EE0B2-F704-4F5D-AC37-124E7EB770EA}.Release|x64.Build.0 = Release|x64
		{260EE0B2-F704-4F5D-AC37-124E7EB770EA}.Release|x86.ActiveCfg = Release|Win32
		{260EE0B2-F704-4F5D-AC37-124E7EB770EA}.Release|x86.Build.0 = Release|Win32
		{EF78FA6C-1F0E-46D6-8B12-29223591BBF3}.Debug|x64.ActiveCfg = Debug|x64
		{EF78FA6C-1F0E-46D6-8B12-29223591BBF3}.Debug|x64.Build.0 = Debug|x64
		{EF78FA6C-1F0E-46D6-8B12-29223591BBF3}.Debug|x86.ActiveCfg = Debug|Win32
		{EF78FA6C-1F0E-46D6-8B12-29223591BBF3}.Debug|x86.Build.0 = Debug|Win32
		{EF78FA6C-1F0E-46D6-8B12-29223591BBF3}.Release|x64.ActiveCfg = Release|x64
		{EF78FA6C-1F0E-46D6-8B12-29223591BBF3}.Release|x64.Build.0 = Release|x64
		{EF78FA6C-1F0E-46D6-8B12-29223591BBF3}.Release|x86.ActiveCfg = Release|Win32
		{EF78FA6C-1F0E-46D6-8B12-29223591BBF3}.Release|x86.Build.0 = Release|Win32
		{E306D078-0361-4983-9DC4-6E6330C7DFC2}.Debug|x64.ActiveCfg = Debug|x64
		{E306D078-0361-4983-9DC4-6E6330C7DFC2}.Debug|x64.Build.0 = Debug|x64
		{E306D078-0361-4983-9DC4-6E6330C7DFC2}.Debug|x86.ActiveCfg = Debug|Win32
		{E306D078-0361-4983-9DC4-6E6330C7DFC2}.Debug|x86.Build.0 = Debug|Win32
		{E306D078-0361-4983-9DC4-6E6330C7DFC2}.Release|x64.ActiveCfg = Release|x64
		{E306D078-0361-4983-9DC4-6E6330C7DFC2}.Release|x64.Build.0 = Release|x64
		{E306D078-0361-4983-9DC4-6E6330C7DFC2}.Release|x86.ActiveCfg = Release|Win32
		{E306D078-0361-4983-9DC4-6E6330C7DFC2}.Release|x86.Build.0 = Release|Win32
		{7CA4F9FD-5AD0-4B7E-9631-0313AA3E3E9F}.Debug|x64.ActiveCfg = Debug|x64
		{7CA4F9FD-5AD0-4B7E-9631-0313AA3E3E9F}.Debug|x64.Build.0 = Debug|x64
		{7CA4F9FD-5AD0-4B7E-9631-0313AA3E3E9F}.Debug|x86.ActiveCfg = Debug|Win32
		{7CA4F9FD-5AD0-4B7E-9631-0313AA3E3E9F}.Debug|x86.Build.0 = Debug|Win32
		{7CA4F9FD-5AD0-4B7E-9631-0313AA3E3E9F}.Release|x64.ActiveCfg = Release|x64
		{7CA4F9FD-5AD0-4B7E-9631-0313AA3E3E9F}.Release|x64.Build.0 = Release|x64
		{7CA4F9FD-5AD0-4B7E-9631-0313AA3E3E9F}.Release|x86.ActiveCfg = Release|Win32
		{7CA4F9FD-5AD0-4B7E-9631-0313AA3E3E9F}.Release|x86.Build.0 = Release|Win32
		{033617EB-DC3F-4CF7-8590-439AB809C15C}.Debug|x64.ActiveCfg = Debug|x64
		{033617EB-DC3F-4CF7-8590-439AB809C15C}.Debug|x64.Build.0 = Debug|x64
		{033617EB-DC3F-4CF7-8590-439AB809C15C}.Debug|x86.ActiveCfg = Debug|Win32
		{033617EB-DC3F-4CF7-8590-439AB809C15C}.Debug|x86.Build.0 = Debug|Win32
		{033617EB-DC3F-4CF7-8590-439AB809C15C}.Release|x64.ActiveCfg = Release|x64
		{033617EB-DC3F-4CF7-8590-439AB809C15C}.Release|x64.Build.0 = Release|x64
		{033617EB-DC3F-4CF7-8590-439AB809C15C}.Release|x86.ActiveCfg = Release|Win32
		{033617EB-DC3F-4CF7-8590-439AB809C15C}.Release|x86.Build.0 = Release|Win32
		{11596738-B7D0-4B9B-A6FF-01DBB82F1A71}.Debug|x64.ActiveCfg = Debug|x64
		{11596738-B7D0-4B9B-A6FF-01DBB82F1A71}.Debug|x64.Build.0 = Debug|x64
		{11596738-B7D0-4B9B-A6FF-01DBB82F1A71}.Debug|x86.ActiveCfg = Debug|Win32
		{11596738-B7D0-4B9B-A6FF-01DBB82F1A71}.Debug|x86.Build.0 = Debug|Win32
		{11596738-B7D0-4B9B-A6FF-01DBB82F1A71}.Release|x64.ActiveCfg = Release|x64
		{11596738-B7D0-4B9B-A6FF-01DBB82F1A71}.Release|x64.Build.0 = Release|x64
		{11596738-B7D0-4B9B-A6FF-01DBB82F1A71}.Release|x86.ActiveCfg = Release|Win32
		{11596738-B7D0-4B9B-A6FF-01DBB82F1A71}.Release|x86.Build.0 = Release|Win32
		{1FB8C09F-DC28-4EA3-8105-85A0EE847991}.Debug|x64.ActiveCfg = Debug|x64
		{1FB8C09F-DC28-4EA3-8105-85A0EE847991}.Debug|x64.Build.0 = Debug|x64
		{1FB8C09F-DC28-4EA3-8105-85A0EE847991}.Debug|x86.ActiveCfg = Debug|Win32
		{1FB8C09F-DC28-4EA3-8105-85A0EE847991}.Debug|x86.Build.0 = Debug|Win32
		{1FB8C09F-DC28-4EA3-8105-85A0EE847991}.Release|x64.ActiveCfg = Release|x64
		{1FB8C09F-DC28-4EA3-8105-85A0EE847991}.Release|x64.Build.0 = Release|x64
		{1FB8C09F-DC28-4EA3-8105-85A0EE847991}.Release|x86.ActiveCfg = Release|Win32
		{1FB8C09F-DC28-4EA3-8105-85A0EE847991}.Release|x86.Build.0 = Release|Win32
		{50357D22-C7E7-4EE8-80A5-EF455B5AC11A}.Debug|x64.ActiveCfg = Debug|x64
		{50357D22-C7E7-4EE8-80A5-EF455B5AC11A}.Debug|x64.Build.0 = Debug|x64
		{50357D22-C7E7-4EE8-80A5-EF455B5AC11A}.Debug|x86.ActiveCfg = Debug|Win32
		{50357D22-C7E7-4EE8-80A5-EF455B5AC11A}.Debug|x86.Build.0 = Debug|Win32
		{50357D22-C7E7-4EE8-80A5-EF455B5AC11A}.Release|x64.ActiveCfg = Release|x64
		{50357D22-C7E7-4EE8-80A5-EF455B5AC11A}.Release|x64.Build.0 = Release|x64
		{50357D22-C7E7-4EE8-80A5-EF455B5AC11A}.Release|x86.ActiveCfg = Release|Win32
		{50357D22-C7E7-4EE8-80A5-EF455B5AC11A}.Release|x86.Build.0 = Release|Win32
		{56E189B6-49C9-415D-BD55-0AAC02AA8153}.Debug|x64.ActiveCfg = Debug|x64
		{56E189B6-49C9-415D-BD55-0AAC02AA8153}.Debug|x64.Build.0 = Debug|x64
		{56E189B6-49C9-415D-BD55-0AAC02AA8153}.Debug|x86.ActiveCfg = Debug|Win32
		{56E189B6-49C9-415D-BD55-0AAC02AA8153}.Debug|x86.Build.0 = Debug|Win32
		{56E189B6-49C9-415D-BD55-0AAC02AA8153}.Release|x64.ActiveCfg = Release|x64
		{56E189B6-49C9-415D-BD55-0AAC02AA8153}.Release|x64.Build.0 = Release|x64
		{56E189B6-49C9-415D-BD55-0AAC02AA8153}.Release|x86.ActiveCfg = Release|Win32
		{56E189B6-49C9-415D-BD55-0AAC02AA8153}.Release|x86.Build.0 = Release|Win32
		{2452B0F6-A3B4-4CAC-ACE4-6709973C2F9F}.Debug|x64.ActiveCfg = Debug|x64
		{2452B0F6-A3B4-4CAC-ACE4-6709973C2F9F}.Debug|x64.Build.0 = Debug|x64
		{2452B0F6-A3B4-4CAC-ACE4-6709973C2F9F}.Debug|x86.ActiveCfg = Debug|Win32
		{2452B0F6-A3B4-4CAC-ACE4-6709973C2F9F}.Debug|x86.Build.0 = Debug|Win32
		{2452B0F6-A3B4-4CAC-ACE4-6709973C2F9F}.Release|x64.ActiveCfg = Release|x64
		{2452B0F6-A3B4-4CAC-ACE4-6709973C2F9F}.Release|x64.Build.0 = Release|x64
		{2452B0F6-A3B4-4CAC-ACE4-6709973C2F9F}.Release|x86.ActiveCfg = Release|Win32
		{2452B0F6-A3B4-4CAC-ACE4-6709973C2F9F}.Release|x86.Build.0 = Release|Win32
	EndGlobalSection
	GlobalSection(SolutionProperties) = preSolution
		HideSolutionNode = FALSE
	EndGlobalSection
	GlobalSection(ExtensibilityGlobals) = postSolution
		SolutionGuid = {13918F86-02DB-4D9E-806F-A4120698DDA5}
	EndGlobalSection
EndGlobal
