
Microsoft Visual Studio Solution File, Format Version 12.00
# Visual Studio 15
VisualStudioVersion = 15.0.27130.2036
MinimumVisualStudioVersion = 10.0.40219.1
Project("{8BC9CEB8-8B4A-11D0-8D11-00A0C91BC942}") = "001-creating-opengl4-window", "001-creating-opengl4-window\001-creating-opengl4-window.vcxproj", "{6202ED4E-AB30-4B4C-945C-D7CE975EA3D6}"
EndProject
Project("{8BC9CEB8-8B4A-11D0-8D11-00A0C91BC942}") = "002-first-shader", "002-first-shader\002-first-shader.vcxproj", "{5442FAE2-D913-4296-B14B-D156BC1A6C83}"
EndProject
Project("{8BC9CEB8-8B4A-11D0-8D11-00A0C91BC942}") = "003-adding-colors", "003-adding-colors\003-adding-colors.vcxproj", "{08BF4ECF-B475-4F27-819D-04561FC66733}"
EndProject
Global
	GlobalSection(SolutionConfigurationPlatforms) = preSolution
		Debug|x64 = Debug|x64
		Debug|x86 = Debug|x86
		Release|x64 = Release|x64
		Release|x86 = Release|x86
	EndGlobalSection
	GlobalSection(ProjectConfigurationPlatforms) = postSolution
		{6202ED4E-AB30-4B4C-945C-D7CE975EA3D6}.Debug|x64.ActiveCfg = Debug|x64
		{6202ED4E-AB30-4B4C-945C-D7CE975EA3D6}.Debug|x64.Build.0 = Debug|x64
		{6202ED4E-AB30-4B4C-945C-D7CE975EA3D6}.Debug|x86.ActiveCfg = Debug|Win32
		{6202ED4E-AB30-4B4C-945C-D7CE975EA3D6}.Debug|x86.Build.0 = Debug|Win32
		{6202ED4E-AB30-4B4C-945C-D7CE975EA3D6}.Release|x64.ActiveCfg = Release|x64
		{6202ED4E-AB30-4B4C-945C-D7CE975EA3D6}.Release|x64.Build.0 = Release|x64
		{6202ED4E-AB30-4B4C-945C-D7CE975EA3D6}.Release|x86.ActiveCfg = Release|Win32
		{6202ED4E-AB30-4B4C-945C-D7CE975EA3D6}.Release|x86.Build.0 = Release|Win32
		{5442FAE2-D913-4296-B14B-D156BC1A6C83}.Debug|x64.ActiveCfg = Debug|x64
		{5442FAE2-D913-4296-B14B-D156BC1A6C83}.Debug|x64.Build.0 = Debug|x64
		{5442FAE2-D913-4296-B14B-D156BC1A6C83}.Debug|x86.ActiveCfg = Debug|Win32
		{5442FAE2-D913-4296-B14B-D156BC1A6C83}.Debug|x86.Build.0 = Debug|Win32
		{5442FAE2-D913-4296-B14B-D156BC1A6C83}.Release|x64.ActiveCfg = Release|x64
		{5442FAE2-D913-4296-B14B-D156BC1A6C83}.Release|x64.Build.0 = Release|x64
		{5442FAE2-D913-4296-B14B-D156BC1A6C83}.Release|x86.ActiveCfg = Release|Win32
		{5442FAE2-D913-4296-B14B-D156BC1A6C83}.Release|x86.Build.0 = Release|Win32
		{08BF4ECF-B475-4F27-819D-04561FC66733}.Debug|x64.ActiveCfg = Debug|x64
		{08BF4ECF-B475-4F27-819D-04561FC66733}.Debug|x64.Build.0 = Debug|x64
		{08BF4ECF-B475-4F27-819D-04561FC66733}.Debug|x86.ActiveCfg = Debug|Win32
		{08BF4ECF-B475-4F27-819D-04561FC66733}.Debug|x86.Build.0 = Debug|Win32
		{08BF4ECF-B475-4F27-819D-04561FC66733}.Release|x64.ActiveCfg = Release|x64
		{08BF4ECF-B475-4F27-819D-04561FC66733}.Release|x64.Build.0 = Release|x64
		{08BF4ECF-B475-4F27-819D-04561FC66733}.Release|x86.ActiveCfg = Release|Win32
		{08BF4ECF-B475-4F27-819D-04561FC66733}.Release|x86.Build.0 = Release|Win32
	EndGlobalSection
	GlobalSection(SolutionProperties) = preSolution
		HideSolutionNode = FALSE
	EndGlobalSection
	GlobalSection(ExtensibilityGlobals) = postSolution
		SolutionGuid = {13918F86-02DB-4D9E-806F-A4120698DDA5}
	EndGlobalSection
EndGlobal
