<?xml version="1.0" encoding="utf-8"?>
<Project ToolsVersion="4.0" xmlns="http://schemas.microsoft.com/developer/msbuild/2003">
  <ItemGroup>
    <Filter Include="Source Files">
      <UniqueIdentifier>{4FC737F1-C7A5-4376-A066-2A32D752A2FF}</UniqueIdentifier>
      <Extensions>cpp;c;cc;cxx;def;odl;idl;hpj;bat;asm;asmx</Extensions>
    </Filter>
    <Filter Include="Header Files">
      <UniqueIdentifier>{93995380-89BD-4b04-88EB-625FBE52EBFB}</UniqueIdentifier>
      <Extensions>h;hh;hpp;hxx;hm;inl;inc;ipp;xsd</Extensions>
    </Filter>
    <Filter Include="Resource Files">
      <UniqueIdentifier>{67DA6AB6-F800-4c08-8B7A-83BB121AAD01}</UniqueIdentifier>
      <Extensions>rc;ico;cur;bmp;dlg;rc2;rct;bin;rgs;gif;jpg;jpeg;jpe;resx;tiff;tif;png;wav;mfcribbon-ms</Extensions>
    </Filter>
    <Filter Include="Header Files\common_classes">
      <UniqueIdentifier>{2cb71629-72fc-4636-a010-32bd1ff4cf39}</UniqueIdentifier>
    </Filter>
    <Filter Include="Header Files\glad">
      <UniqueIdentifier>{21332166-4e35-4755-9b42-f0f0a8e28373}</UniqueIdentifier>
    </Filter>
    <Filter Include="Header Files\stb">
      <UniqueIdentifier>{05be8ce6-4642-4800-8187-dbfe9001ddcf}</UniqueIdentifier>
    </Filter>
    <Filter Include="Source Files\common_classes">
      <UniqueIdentifier>{75896228-42b5-4226-8224-e786263cffeb}</UniqueIdentifier>
    </Filter>
    <Filter Include="Source Files\glad">
      <UniqueIdentifier>{32ffc0e1-fe27-4146-b2ca-ca99f134d14c}</UniqueIdentifier>
    </Filter>
    <Filter Include="Header Files\common_classes\static_meshes">
      <UniqueIdentifier>{0be07c82-ff67-4c22-acd7-ecf3e3074a6f}</UniqueIdentifier>
    </Filter>
    <Filter Include="Source Files\common_classes\static_meshes">
      <UniqueIdentifier>{9f12beec-0f56-4056-9971-0e100b8dcc71}</UniqueIdentifier>
    </Filter>
    <Filter Include="Source Files\common_classes\static_meshes\primitives">
      <UniqueIdentifier>{c8790cfe-6a14-422a-86d2-2ee5619939ab}</UniqueIdentifier>
    </Filter>
    <Filter Include="Header Files\common_classes\static_meshes\primitives">
      <UniqueIdentifier>{52e73d89-7061-4b67-bea5-e8975a50f22a}</UniqueIdentifier>
    </Filter>
  </ItemGroup>
  <ItemGroup>
    <ClCompile Include="010-first-great-refactoring.cpp">
      <Filter>Source Files</Filter>
    </ClCompile>
    <ClCompile Include="main_windows.cpp">
      <Filter>Source Files</Filter>
    </ClCompile>
    <ClCompile Include="..\common_classes\flyingCamera.cpp">
      <Filter>Source Files\common_classes</Filter>
    </ClCompile>
    <ClCompile Include="..\common_classes\OpenGLWindow.cpp">
      <Filter>Source Files\common_classes</Filter>
    </ClCompile>
    <ClCompile Include="..\common_classes\sampler.cpp">
      <Filter>Source Files\common_classes</Filter>
    </ClCompile>
    <ClCompile Include="..\common_classes\shader.cpp">
      <Filter>Source Files\common_classes</Filter>
    </ClCompile>
    <ClCompile Include="..\common_classes\shaderProgram.cpp">
      <Filter>Source Files\common_classes</Filter>
    </ClCompile>
    <ClCompile Include="..\common_classes\staticGeometry.cpp">
      <Filter>Source Files\common_classes</Filter>
    </ClCompile>
    <ClCompile Include="..\common_classes\texture.cpp">
      <Filter>Source Files\common_classes</Filter>
    </ClCompile>
    <ClCompile Include="..\common_classes\uniform.cpp">
      <Filter>Source Files\common_classes</Filter>
    </ClCompile>
    <ClCompile Include="..\common_classes\vertexBufferObject.cpp">
      <Filter>Source Files\common_classes</Filter>
    </ClCompile>
    <ClCompile Include="..\dependencies\glad\src\glad.c">
      <Filter>Source Files\glad</Filter>
    </ClCompile>
    <ClCompile Include="..\common_classes\static_meshes\staticMesh3D.cpp">
      <Filter>Source Files\common_classes\static_meshes</Filter>
    </ClCompile>
    <ClCompile Include="..\common_classes\textureManager.cpp">
      <Filter>Source Files\common_classes</Filter>
    </ClCompile>
    <ClCompile Include="..\common_classes\shaderProgramManager.cpp">
      <Filter>Source Files\common_classes</Filter>
    </ClCompile>
    <ClCompile Include="..\common_classes\static_meshes\primitives\cube.cpp">
      <Filter>Source Files\common_classes\static_meshes\primitives</Filter>
    </ClCompile>
    <ClCompile Include="..\common_classes\static_meshes\primitives\pyramid.cpp">
      <Filter>Source Files\common_classes\static_meshes\primitives</Filter>
    </ClCompile>
    <ClCompile Include="..\common_classes\static_meshes\house.cpp">
      <Filter>Source Files\common_classes\static_meshes</Filter>
    </ClCompile>
    <ClCompile Include="..\common_classes\static_meshes\plainGround.cpp">
      <Filter>Source Files\common_classes\static_meshes</Filter>
    </ClCompile>
  </ItemGroup>
  <ItemGroup>
    <ClInclude Include="..\common_classes\flyingCamera.h">
      <Filter>Header Files\common_classes</Filter>
    </ClInclude>
    <ClInclude Include="..\common_classes\OpenGLWindow.h">
      <Filter>Header Files\common_classes</Filter>
    </ClInclude>
    <ClInclude Include="..\common_classes\sampler.h">
      <Filter>Header Files\common_classes</Filter>
    </ClInclude>
    <ClInclude Include="..\common_classes\shader.h">
      <Filter>Header Files\common_classes</Filter>
    </ClInclude>
    <ClInclude Include="..\common_classes\shaderProgram.h">
      <Filter>Header Files\common_classes</Filter>
    </ClInclude>
    <ClInclude Include="..\common_classes\staticGeometry.h">
      <Filter>Header Files\common_classes</Filter>
    </ClInclude>
    <ClInclude Include="..\common_classes\stringUtils.h">
      <Filter>Header Files\common_classes</Filter>
    </ClInclude>
    <ClInclude Include="..\common_classes\texture.h">
      <Filter>Header Files\common_classes</Filter>
    </ClInclude>
    <ClInclude Include="..\common_classes\uniform.h">
      <Filter>Header Files\common_classes</Filter>
    </ClInclude>
    <ClInclude Include="..\common_classes\vertexBufferObject.h">
      <Filter>Header Files\common_classes</Filter>
    </ClInclude>
    <ClInclude Include="..\dependencies\glad\include\glad\glad.h">
      <Filter>Header Files\glad</Filter>
    </ClInclude>
    <ClInclude Include="..\dependencies\stb\stb_image.h">
      <Filter>Header Files\stb</Filter>
    </ClInclude>
    <ClInclude Include="..\common_classes\static_meshes\staticMesh3D.h">
      <Filter>Header Files\common_classes\static_meshes</Filter>
    </ClInclude>
    <ClInclude Include="..\common_classes\textureManager.h">
      <Filter>Header Files\common_classes</Filter>
    </ClInclude>
    <ClInclude Include="..\common_classes\shaderProgramManager.h">
      <Filter>Header Files\common_classes</Filter>
    </ClInclude>
    <ClInclude Include="..\common_classes\static_meshes\primitives\cube.h">
      <Filter>Header Files\common_classes\static_meshes\primitives</Filter>
    </ClInclude>
    <ClInclude Include="..\common_classes\static_meshes\primitives\pyramid.h">
      <Filter>Header Files\common_classes\static_meshes\primitives</Filter>
    </ClInclude>
    <ClInclude Include="..\common_classes\static_meshes\house.h">
      <Filter>Header Files\common_classes\static_meshes</Filter>
    </ClInclude>
    <ClInclude Include="..\common_classes\static_meshes\plainGround.h">
      <Filter>Header Files\common_classes\static_meshes</Filter>
    </ClInclude>
  </ItemGroup>
</Project>