<?xml version="1.0" encoding="utf-8"?>
<Project ToolsVersion="4.0" xmlns="http://schemas.microsoft.com/developer/msbuild/2003">
  <ItemGroup>
    <Filter Include="Source Files">
      <UniqueIdentifier>{4FC737F1-C7A5-4376-A066-2A32D752A2FF}</UniqueIdentifier>
      <Extensions>cpp;c;cc;cxx;def;odl;idl;hpj;bat;asm;asmx</Extensions>
    </Filter>
    <Filter Include="Header Files">
      <UniqueIdentifier>{93995380-89BD-4b04-88EB-625FBE52EBFB}</UniqueIdentifier>
      <Extensions>h;hh;hpp;hxx;hm;inl;inc;ipp;xsd</Extensions>
    </Filter>
    <Filter Include="Resource Files">
      <UniqueIdentifier>{67DA6AB6-F800-4c08-8B7A-83BB121AAD01}</UniqueIdentifier>
      <Extensions>rc;ico;cur;bmp;dlg;rc2;rct;bin;rgs;gif;jpg;jpeg;jpe;resx;tiff;tif;png;wav;mfcribbon-ms</Extensions>
    </Filter>
    <Filter Include="Source Files\common_classes">
      <UniqueIdentifier>{6b19b542-f0b4-4392-9c21-edf32b25b75b}</UniqueIdentifier>
    </Filter>
    <Filter Include="Source Files\glad">
      <UniqueIdentifier>{2ac124ab-3e2c-4318-9890-53718061bf06}</UniqueIdentifier>
    </Filter>
    <Filter Include="Header Files\common_classes">
      <UniqueIdentifier>{b1e80949-3d55-4aaa-8e7a-8931a72474bd}</UniqueIdentifier>
    </Filter>
    <Filter Include="Header Files\glad">
      <UniqueIdentifier>{5e56a9ae-65ea-4895-b3de-5d2e3cdb7011}</UniqueIdentifier>
    </Filter>
  </ItemGroup>
  <ItemGroup>
    <ClCompile Include="002-first-shader.cpp">
      <Filter>Source Files</Filter>
    </ClCompile>
    <ClCompile Include="..\common_classes\OpenGLWindow.cpp">
      <Filter>Source Files\common_classes</Filter>
    </ClCompile>
    <ClCompile Include="..\dependencies\glad\src\glad.c">
      <Filter>Source Files\glad</Filter>
    </ClCompile>
    <ClCompile Include="main_windows.cpp">
      <Filter>Source Files</Filter>
    </ClCompile>
    <ClCompile Include="..\common_classes\shader.cpp">
      <Filter>Source Files\common_classes</Filter>
    </ClCompile>
  </ItemGroup>
  <ItemGroup>
    <ClInclude Include="..\dependencies\glad\include\glad\glad.h">
      <Filter>Header Files\glad</Filter>
    </ClInclude>
    <ClInclude Include="..\common_classes\OpenGLWindow.h">
      <Filter>Header Files\common_classes</Filter>
    </ClInclude>
    <ClInclude Include="..\common_classes\shader.h">
      <Filter>Header Files\common_classes</Filter>
    </ClInclude>
    <ClInclude Include="..\common_classes\stringUtils.h">
      <Filter>Header Files\common_classes</Filter>
    </ClInclude>
  </ItemGroup>
</Project>