<?xml version="1.0" encoding="utf-8"?>
<Project ToolsVersion="4.0" xmlns="http://schemas.microsoft.com/developer/msbuild/2003">
  <ItemGroup>
    <Filter Include="Source Files">
      <UniqueIdentifier>{4FC737F1-C7A5-4376-A066-2A32D752A2FF}</UniqueIdentifier>
      <Extensions>cpp;c;cc;cxx;def;odl;idl;hpj;bat;asm;asmx</Extensions>
    </Filter>
    <Filter Include="Header Files">
      <UniqueIdentifier>{93995380-89BD-4b04-88EB-625FBE52EBFB}</UniqueIdentifier>
      <Extensions>h;hh;hpp;hxx;hm;inl;inc;ipp;xsd</Extensions>
    </Filter>
    <Filter Include="Resource Files">
      <UniqueIdentifier>{67DA6AB6-F800-4c08-8B7A-83BB121AAD01}</UniqueIdentifier>
      <Extensions>rc;ico;cur;bmp;dlg;rc2;rct;bin;rgs;gif;jpg;jpeg;jpe;resx;tiff;tif;png;wav;mfcribbon-ms</Extensions>
    </Filter>
    <Filter Include="Header Files\common_classes">
      <UniqueIdentifier>{38f6dd78-4abc-4b88-b0ba-ef5dbd4d51b6}</UniqueIdentifier>
    </Filter>
    <Filter Include="Header Files\glad">
      <UniqueIdentifier>{731f8a91-89b8-42a9-acb3-aa38b4758a09}</UniqueIdentifier>
    </Filter>
    <Filter Include="Header Files\stb">
      <UniqueIdentifier>{71cb0902-e5ee-44d9-9ea0-16af5d283627}</UniqueIdentifier>
    </Filter>
    <Filter Include="Header Files\common_classes\static_meshes_3D">
      <UniqueIdentifier>{6f083785-7374-4c74-8c00-38cb246930a0}</UniqueIdentifier>
    </Filter>
    <Filter Include="Header Files\common_classes\static_meshes_3D\primitives">
      <UniqueIdentifier>{98a23150-4194-4cab-8166-ca88f925beb4}</UniqueIdentifier>
    </Filter>
    <Filter Include="Source Files\common_classes">
      <UniqueIdentifier>{f61b1a7c-1aa3-4112-8b15-98af1847b829}</UniqueIdentifier>
    </Filter>
    <Filter Include="Source Files\common_classes\static_meshes_3D">
      <UniqueIdentifier>{da1547de-df80-4431-9c05-f1e98a0ab9c9}</UniqueIdentifier>
    </Filter>
    <Filter Include="Source Files\common_classes\static_meshes_3D\primitives">
      <UniqueIdentifier>{80dbcf4b-d504-47d9-bd19-3c7e7389f981}</UniqueIdentifier>
    </Filter>
    <Filter Include="Source Files\glad">
      <UniqueIdentifier>{8352fd91-4869-4ce7-af63-dff539dfd585}</UniqueIdentifier>
    </Filter>
    <Filter Include="Header Files\common_classes\static_meshes_2D">
      <UniqueIdentifier>{9f541caf-e92b-4c9a-9032-bed25a87ea7f}</UniqueIdentifier>
    </Filter>
    <Filter Include="Header Files\common_classes\static_meshes_2D\primitives">
      <UniqueIdentifier>{915a7891-36e1-4c11-9a56-2d2b24594f69}</UniqueIdentifier>
    </Filter>
  </ItemGroup>
  <ItemGroup>
    <ClCompile Include="..\common_classes\flyingCamera.cpp">
      <Filter>Source Files\common_classes</Filter>
    </ClCompile>
    <ClCompile Include="..\common_classes\matrixManager.cpp">
      <Filter>Source Files\common_classes</Filter>
    </ClCompile>
    <ClCompile Include="..\common_classes\OpenGLWindow.cpp">
      <Filter>Source Files\common_classes</Filter>
    </ClCompile>
    <ClCompile Include="..\common_classes\sampler.cpp">
      <Filter>Source Files\common_classes</Filter>
    </ClCompile>
    <ClCompile Include="..\common_classes\samplerManager.cpp">
      <Filter>Source Files\common_classes</Filter>
    </ClCompile>
    <ClCompile Include="..\common_classes\shader.cpp">
      <Filter>Source Files\common_classes</Filter>
    </ClCompile>
    <ClCompile Include="..\common_classes\shaderManager.cpp">
      <Filter>Source Files\common_classes</Filter>
    </ClCompile>
    <ClCompile Include="..\common_classes\shaderProgram.cpp">
      <Filter>Source Files\common_classes</Filter>
    </ClCompile>
    <ClCompile Include="..\common_classes\shaderProgramManager.cpp">
      <Filter>Source Files\common_classes</Filter>
    </ClCompile>
    <ClCompile Include="..\common_classes\texture.cpp">
      <Filter>Source Files\common_classes</Filter>
    </ClCompile>
    <ClCompile Include="..\common_classes\textureManager.cpp">
      <Filter>Source Files\common_classes</Filter>
    </ClCompile>
    <ClCompile Include="..\common_classes\uniform.cpp">
      <Filter>Source Files\common_classes</Filter>
    </ClCompile>
    <ClCompile Include="..\common_classes\vertexBufferObject.cpp">
      <Filter>Source Files\common_classes</Filter>
    </ClCompile>
    <ClCompile Include="..\common_classes\static_meshes_3D\primitives\pyramid.cpp">
      <Filter>Source Files\common_classes\static_meshes_3D\primitives</Filter>
    </ClCompile>
    <ClCompile Include="..\common_classes\static_meshes_3D\primitives\torus.cpp">
      <Filter>Source Files\common_classes\static_meshes_3D\primitives</Filter>
    </ClCompile>
    <ClCompile Include="..\common_classes\static_meshes_3D\staticMesh3D.cpp">
      <Filter>Source Files\common_classes\static_meshes_3D</Filter>
    </ClCompile>
    <ClCompile Include="..\common_classes\static_meshes_3D\staticMeshIndexed3D.cpp">
      <Filter>Source Files\common_classes\static_meshes_3D</Filter>
    </ClCompile>
    <ClCompile Include="..\common_classes\static_meshes_3D\plainGround.cpp">
      <Filter>Source Files\common_classes\static_meshes_3D</Filter>
    </ClCompile>
    <ClCompile Include="..\dependencies\glad\src\glad.c">
      <Filter>Source Files\glad</Filter>
    </ClCompile>
    <ClCompile Include="012-freetype-fonts-pt1.cpp">
      <Filter>Source Files</Filter>
    </ClCompile>
    <ClCompile Include="..\common_classes\static_meshes_2D\primitives\quad.cpp">
      <Filter>Source Files\common_classes</Filter>
    </ClCompile>
    <ClCompile Include="..\common_classes\static_meshes_2D\staticMesh2D.cpp">
      <Filter>Source Files\common_classes</Filter>
    </ClCompile>
    <ClCompile Include="..\common_classes\freeTypeFont.cpp">
      <Filter>Source Files\common_classes</Filter>
    </ClCompile>
    <ClCompile Include="..\common_classes\freeTypeFontManager.cpp">
      <Filter>Source Files\common_classes</Filter>
    </ClCompile>
    <ClCompile Include="..\common_classes\HUD.cpp">
      <Filter>Source Files\common_classes</Filter>
    </ClCompile>
    <ClCompile Include="HUD012.cpp">
      <Filter>Source Files</Filter>
    </ClCompile>
    <ClCompile Include="main.cpp">
      <Filter>Source Files</Filter>
    </ClCompile>
  </ItemGroup>
  <ItemGroup>
    <ClInclude Include="..\dependencies\glad\include\glad\glad.h">
      <Filter>Header Files\glad</Filter>
    </ClInclude>
    <ClInclude Include="..\dependencies\stb\stb_image.h">
      <Filter>Header Files\stb</Filter>
    </ClInclude>
    <ClInclude Include="..\common_classes\flyingCamera.h">
      <Filter>Header Files\common_classes</Filter>
    </ClInclude>
    <ClInclude Include="..\common_classes\matrixManager.h">
      <Filter>Header Files\common_classes</Filter>
    </ClInclude>
    <ClInclude Include="..\common_classes\OpenGLWindow.h">
      <Filter>Header Files\common_classes</Filter>
    </ClInclude>
    <ClInclude Include="..\common_classes\sampler.h">
      <Filter>Header Files\common_classes</Filter>
    </ClInclude>
    <ClInclude Include="..\common_classes\samplerManager.h">
      <Filter>Header Files\common_classes</Filter>
    </ClInclude>
    <ClInclude Include="..\common_classes\shader.h">
      <Filter>Header Files\common_classes</Filter>
    </ClInclude>
    <ClInclude Include="..\common_classes\shaderManager.h">
      <Filter>Header Files\common_classes</Filter>
    </ClInclude>
    <ClInclude Include="..\common_classes\shaderProgram.h">
      <Filter>Header Files\common_classes</Filter>
    </ClInclude>
    <ClInclude Include="..\common_classes\shaderProgramManager.h">
      <Filter>Header Files\common_classes</Filter>
    </ClInclude>
    <ClInclude Include="..\common_classes\stringUtils.h">
      <Filter>Header Files\common_classes</Filter>
    </ClInclude>
    <ClInclude Include="..\common_classes\texture.h">
      <Filter>Header Files\common_classes</Filter>
    </ClInclude>
    <ClInclude Include="..\common_classes\textureManager.h">
      <Filter>Header Files\common_classes</Filter>
    </ClInclude>
    <ClInclude Include="..\common_classes\uniform.h">
      <Filter>Header Files\common_classes</Filter>
    </ClInclude>
    <ClInclude Include="..\common_classes\vertexBufferObject.h">
      <Filter>Header Files\common_classes</Filter>
    </ClInclude>
    <ClInclude Include="..\common_classes\static_meshes_3D\plainGround.h">
      <Filter>Header Files\common_classes\static_meshes_3D</Filter>
    </ClInclude>
    <ClInclude Include="..\common_classes\static_meshes_3D\staticMesh3D.h">
      <Filter>Header Files\common_classes\static_meshes_3D</Filter>
    </ClInclude>
    <ClInclude Include="..\common_classes\static_meshes_3D\staticMeshIndexed3D.h">
      <Filter>Header Files\common_classes\static_meshes_3D</Filter>
    </ClInclude>
    <ClInclude Include="..\common_classes\static_meshes_3D\primitives\pyramid.h">
      <Filter>Header Files\common_classes\static_meshes_3D\primitives</Filter>
    </ClInclude>
    <ClInclude Include="..\common_classes\static_meshes_3D\primitives\torus.h">
      <Filter>Header Files\common_classes\static_meshes_3D\primitives</Filter>
    </ClInclude>
    <ClInclude Include="..\common_classes\freeTypeFontManager.h">
      <Filter>Header Files\common_classes</Filter>
    </ClInclude>
    <ClInclude Include="..\common_classes\freeTypeFont.h">
      <Filter>Header Files\common_classes</Filter>
    </ClInclude>
    <ClInclude Include="..\common_classes\HUD.h">
      <Filter>Header Files\common_classes</Filter>
    </ClInclude>
    <ClInclude Include="HUD012.h">
      <Filter>Header Files</Filter>
    </ClInclude>
    <ClInclude Include="..\common_classes\static_meshes_2D\primitives\quad.h">
      <Filter>Header Files\common_classes\static_meshes_2D\primitives</Filter>
    </ClInclude>
    <ClInclude Include="..\common_classes\static_meshes_2D\staticMesh2D.h">
      <Filter>Header Files\common_classes\static_meshes_2D</Filter>
    </ClInclude>
  </ItemGroup>
</Project>